
Microsoft Visual Studio Solution File, Format Version 12.00
# Visual Studio Version 17
VisualStudioVersion = 17.11.35327.3
MinimumVisualStudioVersion = 10.0.40219.1
Project("{9A19103F-16F7-4668-BE54-9A1E7A4F7556}") = "HighPerformanceKafkaProcessor", "HighPerformanceKafkaProcessor\HighPerformanceKafkaProcessor.csproj", "{B2F8E9F8-ED54-4613-BDD2-0138BB0A5493}"
EndProject
Project("{9A19103F-16F7-4668-BE54-9A1E7A4F7556}") = "KafkaProcessor", "KafkaProcessor\KafkaProcessor.csproj", "{94EA7F8E-EF09-4E85-A072-28ABC79E5BE3}"
EndProject
Global
	GlobalSection(SolutionConfigurationPlatforms) = preSolution
		Debug|Any CPU = Debug|Any CPU
		Release|Any CPU = Release|Any CPU
	EndGlobalSection
	GlobalSection(ProjectConfigurationPlatforms) = postSolution
		{B2F8E9F8-ED54-4613-BDD2-0138BB0A5493}.Debug|Any CPU.ActiveCfg = Debug|Any CPU
		{B2F8E9F8-ED54-4613-BDD2-0138BB0A5493}.Debug|Any CPU.Build.0 = Debug|Any CPU
		{B2F8E9F8-ED54-4613-BDD2-0138BB0A5493}.Release|Any CPU.ActiveCfg = Release|Any CPU
		{B2F8E9F8-ED54-4613-BDD2-0138BB0A5493}.Release|Any CPU.Build.0 = Release|Any CPU
		{94EA7F8E-EF09-4E85-A072-28ABC79E5BE3}.Debug|Any CPU.ActiveCfg = Debug|Any CPU
		{94EA7F8E-EF09-4E85-A072-28ABC79E5BE3}.Debug|Any CPU.Build.0 = Debug|Any CPU
		{94EA7F8E-EF09-4E85-A072-28ABC79E5BE3}.Release|Any CPU.ActiveCfg = Release|Any CPU
		{94EA7F8E-EF09-4E85-A072-28ABC79E5BE3}.Release|Any CPU.Build.0 = Release|Any CPU
	EndGlobalSection
	GlobalSection(SolutionProperties) = preSolution
		HideSolutionNode = FALSE
	EndGlobalSection
	GlobalSection(ExtensibilityGlobals) = postSolution
		SolutionGuid = {DCBDACC3-4602-4814-8CE1-6EF3830BA5C4}
	EndGlobalSection
EndGlobal
